
Microsoft Visual Studio Solution File, Format Version 12.00
# Visual Studio Version 16
VisualStudioVersion = 16.0.30523.141
MinimumVisualStudioVersion = 10.0.40219.1
Project("{8BC9CEB8-8B4A-11D0-8D11-00A0C91BC942}") = "MicroConsoleBarcode", "MicroConsoleBarcode\MicroConsoleBarcode.vcxproj", "{4A757BA5-74DA-4670-B8F2-AD8CA3B14106}"
EndProject
Global
	GlobalSection(SolutionConfigurationPlatforms) = preSolution
		Debug|x64 = Debug|x64
		Debug|x86 = Debug|x86
		Release|x64 = Release|x64
		Release|x86 = Release|x86
	EndGlobalSection
	GlobalSection(ProjectConfigurationPlatforms) = postSolution
		{4A757BA5-74DA-4670-B8F2-AD8CA3B14106}.Debug|x64.ActiveCfg = Debug|x64
		{4A757BA5-74DA-4670-B8F2-AD8CA3B14106}.Debug|x64.Build.0 = Debug|x64
		{4A757BA5-74DA-4670-B8F2-AD8CA3B14106}.Debug|x86.ActiveCfg = Debug|Win32
		{4A757BA5-74DA-4670-B8F2-AD8CA3B14106}.Debug|x86.Build.0 = Debug|Win32
		{4A757BA5-74DA-4670-B8F2-AD8CA3B14106}.Release|x64.ActiveCfg = Release|x64
		{4A757BA5-74DA-4670-B8F2-AD8CA3B14106}.Release|x64.Build.0 = Release|x64
		{4A757BA5-74DA-4670-B8F2-AD8CA3B14106}.Release|x86.ActiveCfg = Release|Win32
		{4A757BA5-74DA-4670-B8F2-AD8CA3B14106}.Release|x86.Build.0 = Release|Win32
	EndGlobalSection
	GlobalSection(SolutionProperties) = preSolution
		HideSolutionNode = FALSE
	EndGlobalSection
	GlobalSection(ExtensibilityGlobals) = postSolution
		SolutionGuid = {EA27ABC1-1F5F-478A-92FB-08C24714D7BE}
	EndGlobalSection
EndGlobal
